
Microsoft Visual Studio Solution File, Format Version 12.00
# Visual Studio 2012
Project("{FAE04EC0-301F-11D3-BF4B-00C04F79EFBC}") = "TruckTrack", "RoadIT\TruckTrack.csproj", "{D7C8E08D-918F-4C9B-A808-6046C0254A93}"
EndProject
Global
	GlobalSection(SolutionConfigurationPlatforms) = preSolution
		Debug|Any CPU = Debug|Any CPU
		Release|Any CPU = Release|Any CPU
	EndGlobalSection
	GlobalSection(ProjectConfigurationPlatforms) = postSolution
		{D7C8E08D-918F-4C9B-A808-6046C0254A93}.Debug|Any CPU.ActiveCfg = Debug|Any CPU
		{D7C8E08D-918F-4C9B-A808-6046C0254A93}.Debug|Any CPU.Build.0 = Debug|Any CPU
		{D7C8E08D-918F-4C9B-A808-6046C0254A93}.Release|Any CPU.ActiveCfg = Release|Any CPU
		{D7C8E08D-918F-4C9B-A808-6046C0254A93}.Release|Any CPU.Build.0 = Release|Any CPU
	EndGlobalSection
EndGlobal
